
Microsoft Visual Studio Solution File, Format Version 12.00
# Visual Studio Version 17
VisualStudioVersion = 17.14.36401.2 d17.14
MinimumVisualStudioVersion = 10.0.40219.1
Project("{FAE04EC0-301F-11D3-BF4B-00C04F79EFBC}") = "COLEGIO_MATRICULA", "COLEGIO_MATRICULA\COLEGIO_MATRICULA.csproj", "{DA576C66-94F3-4068-B890-089D3223C108}"
EndProject
Global
	GlobalSection(SolutionConfigurationPlatforms) = preSolution
		Debug|Any CPU = Debug|Any CPU
		Release|Any CPU = Release|Any CPU
	EndGlobalSection
	GlobalSection(ProjectConfigurationPlatforms) = postSolution
		{DA576C66-94F3-4068-B890-089D3223C108}.Debug|Any CPU.ActiveCfg = Debug|Any CPU
		{DA576C66-94F3-4068-B890-089D3223C108}.Debug|Any CPU.Build.0 = Debug|Any CPU
		{DA576C66-94F3-4068-B890-089D3223C108}.Release|Any CPU.ActiveCfg = Release|Any CPU
		{DA576C66-94F3-4068-B890-089D3223C108}.Release|Any CPU.Build.0 = Release|Any CPU
	EndGlobalSection
	GlobalSection(SolutionProperties) = preSolution
		HideSolutionNode = FALSE
	EndGlobalSection
	GlobalSection(ExtensibilityGlobals) = postSolution
		SolutionGuid = {32666D69-A017-48AA-89F1-3C0AC910F5CD}
	EndGlobalSection
EndGlobal
